// !$*UTF8*$!
{
	archiveVersion = 1;
	classes = {
	};
	objectVersion = 42;
	objects = {

/* Begin PBXBuildFile section */
		CDAE3B750987D655003250F8 /* odbcinst.h in Headers */ = {isa = PBXBuildFile; fileRef = F5C2EB0F0518625501A801EC /* odbcinst.h */; };
		CDAE3B760987D655003250F8 /* sql.h in Headers */ = {isa = PBXBuildFile; fileRef = F5C2EB100518625501A801EC /* sql.h */; };
		CDAE3B770987D655003250F8 /* sqltypes.h in Headers */ = {isa = PBXBuildFile; fileRef = F5C2EB110518625501A801EC /* sqltypes.h */; };
		CDAE3B780987D655003250F8 /* iodbc.h in Headers */ = {isa = PBXBuildFile; fileRef = F5C2EB150518627501A801EC /* iodbc.h */; };
		CDAE3B790987D655003250F8 /* iodbcunix.h in Headers */ = {isa = PBXBuildFile; fileRef = 71A26EE8069D5782005AC343 /* iodbcunix.h */; };
		CDAE3B7B0987D655003250F8 /* InfoPlist.strings in Resources */ = {isa = PBXBuildFile; fileRef = 0867D6AAFE840B52C02AAC07 /* InfoPlist.strings */; };
		CDAE3B7C0987D655003250F8 /* main.xib in Resources */ = {isa = PBXBuildFile; fileRef = 04DF5BC2FFC03B507F000001 /* main.xib */; };
		CDAE3B7D0987D655003250F8 /* about.xib in Resources */ = {isa = PBXBuildFile; fileRef = 4973747CFFCC29477F000001 /* about.xib */; };
		CDAE3B7E0987D655003250F8 /* iODBCAdministrator.icns in Resources */ = {isa = PBXBuildFile; fileRef = 032007F4FFF1FEE97F000001 /* iODBCAdministrator.icns */; };
		CDAE3B800987D655003250F8 /* main.c in Sources */ = {isa = PBXBuildFile; fileRef = 1CEA8F15005FBBC97F000001 /* main.c */; };
		CDAE3B820987D655003250F8 /* Carbon.framework in Frameworks */ = {isa = PBXBuildFile; fileRef = 04DF5BB1FFC0300D7F000001 /* Carbon.framework */; };
		CDAE3B830987D655003250F8 /* iODBCinst.framework in Frameworks */ = {isa = PBXBuildFile; fileRef = F5C2EB0D0518623801A801EC /* iODBCinst.framework */; };
		CDAE3B840987D655003250F8 /* iODBC.framework in Frameworks */ = {isa = PBXBuildFile; fileRef = 85D1BBC707E7D7C90070A59E /* iODBC.framework */; };
/* End PBXBuildFile section */

/* Begin PBXBuildStyle section */
		1CEA8F0D005FBAFB7F000001 /* Development */ = {
			isa = PBXBuildStyle;
			buildSettings = {
				COPY_PHASE_STRIP = YES;
				CURRENT_PROJECT_VERSION = 3.52.10;
				"Current project version" = 3.52.10;
				DEPLOYMENT_POSTPROCESSING = YES;
				DYLIB_COMPATIBILITY_VERSION = "";
				DYLIB_CURRENT_VERSION = 3.52.10;
				FRAMEWORK_VERSION = 3.52;
				"Framework version" = 3.52;
				GCC_DYNAMIC_NO_PIC = NO;
				GCC_ENABLE_FIX_AND_CONTINUE = NO;
				GCC_GENERATE_DEBUGGING_SYMBOLS = NO;
				GCC_OPTIMIZATION_LEVEL = 2;
				OPTIMIZATION_CFLAGS = "-O2";
				OTHER_CFLAGS = (
					"-DDATEBUILD=`date`",
					"-DODBCVER=0x351",
					"-D_MACX",
				);
				RESMERGER_SOURCES_FORK = data;
				SKIP_INSTALL = YES;
				ZERO_LINK = NO;
			};
			name = Development;
		};
		1CEA8F0E005FBAFB7F000001 /* Deployment */ = {
			isa = PBXBuildStyle;
			buildSettings = {
				COPY_PHASE_STRIP = YES;
				GCC_ENABLE_FIX_AND_CONTINUE = NO;
				ZERO_LINK = NO;
			};
			name = Deployment;
		};
/* End PBXBuildStyle section */

/* Begin PBXFileReference section */
		032007F5FFF1FEE97F000001 /* English */ = {isa = PBXFileReference; lastKnownFileType = image.icns; name = English; path = English.lproj/iODBCAdministrator.icns; sourceTree = "<group>"; };
		04DF5BB1FFC0300D7F000001 /* Carbon.framework */ = {isa = PBXFileReference; lastKnownFileType = wrapper.framework; name = Carbon.framework; path = /System/Library/Frameworks/Carbon.framework; sourceTree = "<absolute>"; };
		04DF5BC3FFC03B507F000001 /* English */ = {isa = PBXFileReference; lastKnownFileType = wrapper.xib; name = English; path = English.lproj/main.xib; sourceTree = "<group>"; };
		0867D6ABFE840B52C02AAC07 /* English */ = {isa = PBXFileReference; fileEncoding = 4; lastKnownFileType = text.plist.strings; name = English; path = English.lproj/InfoPlist.strings; sourceTree = "<group>"; };
		1CEA8F15005FBBC97F000001 /* main.c */ = {isa = PBXFileReference; fileEncoding = 4; lastKnownFileType = sourcecode.c.c; name = main.c; path = ../../iodbcadm/macosx/main.c; sourceTree = SOURCE_ROOT; };
		4973747DFFCC29477F000001 /* English */ = {isa = PBXFileReference; lastKnownFileType = wrapper.xib; name = English; path = English.lproj/about.xib; sourceTree = "<group>"; };
		71A26EE8069D5782005AC343 /* iodbcunix.h */ = {isa = PBXFileReference; fileEncoding = 30; lastKnownFileType = sourcecode.c.h; name = iodbcunix.h; path = ../../include/iodbcunix.h; sourceTree = SOURCE_ROOT; };
		85D1BBC707E7D7C90070A59E /* iODBC.framework */ = {isa = PBXFileReference; lastKnownFileType = wrapper.framework; name = iODBC.framework; path = ../../mac/iODBC/build/iODBC.framework; sourceTree = SOURCE_ROOT; };
		CDAE3B890987D655003250F8 /* Info-iODBC_Administrator.plist */ = {isa = PBXFileReference; lastKnownFileType = text.xml; path = "Info-iODBC_Administrator.plist"; sourceTree = "<group>"; };
		CDAE3B8A0987D655003250F8 /* iODBC Administrator.app */ = {isa = PBXFileReference; explicitFileType = wrapper.application; includeInIndex = 0; path = "iODBC Administrator.app"; sourceTree = BUILT_PRODUCTS_DIR; };
		F5C2EB0D0518623801A801EC /* iODBCinst.framework */ = {isa = PBXFileReference; lastKnownFileType = wrapper.framework; name = iODBCinst.framework; path = ../../mac/iODBCinst/build/iODBCinst.framework; sourceTree = SOURCE_ROOT; };
		F5C2EB0F0518625501A801EC /* odbcinst.h */ = {isa = PBXFileReference; fileEncoding = 4; lastKnownFileType = sourcecode.c.h; name = odbcinst.h; path = ../../include/odbcinst.h; sourceTree = SOURCE_ROOT; };
		F5C2EB100518625501A801EC /* sql.h */ = {isa = PBXFileReference; fileEncoding = 4; lastKnownFileType = sourcecode.c.h; name = sql.h; path = ../../include/sql.h; sourceTree = SOURCE_ROOT; };
		F5C2EB110518625501A801EC /* sqltypes.h */ = {isa = PBXFileReference; fileEncoding = 4; lastKnownFileType = sourcecode.c.h; name = sqltypes.h; path = ../../include/sqltypes.h; sourceTree = SOURCE_ROOT; };
		F5C2EB150518627501A801EC /* iodbc.h */ = {isa = PBXFileReference; fileEncoding = 4; lastKnownFileType = sourcecode.c.h; name = iodbc.h; path = ../../include/iodbc.h; sourceTree = SOURCE_ROOT; };
/* End PBXFileReference section */

/* Begin PBXFrameworksBuildPhase section */
		CDAE3B810987D655003250F8 /* Frameworks */ = {
			isa = PBXFrameworksBuildPhase;
			buildActionMask = 2147483647;
			files = (
				CDAE3B820987D655003250F8 /* Carbon.framework in Frameworks */,
				CDAE3B830987D655003250F8 /* iODBCinst.framework in Frameworks */,
				CDAE3B840987D655003250F8 /* iODBC.framework in Frameworks */,
			);
			runOnlyForDeploymentPostprocessing = 0;
		};
/* End PBXFrameworksBuildPhase section */

/* Begin PBXGroup section */
		195DF8CFFE9D517E11CA2CBB /* Products */ = {
			isa = PBXGroup;
			children = (
				CDAE3B8A0987D655003250F8 /* iODBC Administrator.app */,
			);
			name = Products;
			sourceTree = "<group>";
		};
		20286C29FDCF999611CA2CEA /* iODBC Administrator */ = {
			isa = PBXGroup;
			children = (
				20286C2AFDCF999611CA2CEA /* Sources */,
				20286C2CFDCF999611CA2CEA /* Resources */,
				20286C32FDCF999611CA2CEA /* External Frameworks and Libraries */,
				195DF8CFFE9D517E11CA2CBB /* Products */,
				CDAE3B890987D655003250F8 /* Info-iODBC_Administrator.plist */,
			);
			name = "iODBC Administrator";
			sourceTree = "<group>";
		};
		20286C2AFDCF999611CA2CEA /* Sources */ = {
			isa = PBXGroup;
			children = (
				71A26EE8069D5782005AC343 /* iodbcunix.h */,
				1CEA8F15005FBBC97F000001 /* main.c */,
				F5C2EB0F0518625501A801EC /* odbcinst.h */,
				F5C2EB100518625501A801EC /* sql.h */,
				F5C2EB110518625501A801EC /* sqltypes.h */,
				F5C2EB150518627501A801EC /* iodbc.h */,
			);
			name = Sources;
			sourceTree = "<group>";
		};
		20286C2CFDCF999611CA2CEA /* Resources */ = {
			isa = PBXGroup;
			children = (
				04DF5BC2FFC03B507F000001 /* main.xib */,
				0867D6AAFE840B52C02AAC07 /* InfoPlist.strings */,
				4973747CFFCC29477F000001 /* about.xib */,
				032007F4FFF1FEE97F000001 /* iODBCAdministrator.icns */,
			);
			name = Resources;
			sourceTree = "<group>";
		};
		20286C32FDCF999611CA2CEA /* External Frameworks and Libraries */ = {
			isa = PBXGroup;
			children = (
				85D1BBC707E7D7C90070A59E /* iODBC.framework */,
				04DF5BB1FFC0300D7F000001 /* Carbon.framework */,
				F5C2EB0D0518623801A801EC /* iODBCinst.framework */,
			);
			name = "External Frameworks and Libraries";
			sourceTree = "<group>";
		};
/* End PBXGroup section */

/* Begin PBXHeadersBuildPhase section */
		CDAE3B740987D655003250F8 /* Headers */ = {
			isa = PBXHeadersBuildPhase;
			buildActionMask = 2147483647;
			files = (
				CDAE3B750987D655003250F8 /* odbcinst.h in Headers */,
				CDAE3B760987D655003250F8 /* sql.h in Headers */,
				CDAE3B770987D655003250F8 /* sqltypes.h in Headers */,
				CDAE3B780987D655003250F8 /* iodbc.h in Headers */,
				CDAE3B790987D655003250F8 /* iodbcunix.h in Headers */,
			);
			runOnlyForDeploymentPostprocessing = 0;
		};
/* End PBXHeadersBuildPhase section */

/* Begin PBXNativeTarget section */
		CDAE3B730987D655003250F8 /* iODBC Administrator */ = {
			isa = PBXNativeTarget;
			buildConfigurationList = CDAE3B860987D655003250F8 /* Build configuration list for PBXNativeTarget "iODBC Administrator" */;
			buildPhases = (
				CDAE3B740987D655003250F8 /* Headers */,
				CDAE3B7A0987D655003250F8 /* Resources */,
				CDAE3B7F0987D655003250F8 /* Sources */,
				CDAE3B810987D655003250F8 /* Frameworks */,
				CDAE3B850987D655003250F8 /* Rez */,
			);
			buildRules = (
			);
			buildSettings = {
				DEBUGGING_SYMBOLS = NO;
				FRAMEWORK_SEARCH_PATHS = (
					../../mac/iODBC/build/Deployment,
					../../mac/iODBC/build,
					../../mac/iODBCinst/build/Deployment,
					../../mac/iODBCinst/build,
				);
				HEADER_SEARCH_PATHS = ../../include;
				INSTALL_PATH = /Applications/iODBC;
				LIBRARY_SEARCH_PATHS = "";
				OPTIMIZATION_CFLAGS = "-O2";
				OTHER_CFLAGS = (
					"-DDATEBUILD=`date`",
					"-DODBCVER=0x351",
					"-D_MACX",
				);
				OTHER_LDFLAGS = (
					"-bind_at_load",
					"-multiply_defined",
					suppress,
				);
				OTHER_REZFLAGS = "";
				PREBINDING = NO;
				PRODUCT_NAME = "iODBC Administrator";
				SECTORDER_FLAGS = "";
				WARNING_CFLAGS = (
					"-Wmost",
					"-Wno-four-char-constants",
					"-Wno-unknown-pragmas",
				);
				WRAPPER_EXTENSION = app;
			};
			dependencies = (
			);
			name = "iODBC Administrator";
			productInstallPath = /Applications/iODBC;
			productName = "iODBC Administrator";
			productReference = CDAE3B8A0987D655003250F8 /* iODBC Administrator.app */;
			productType = "com.apple.product-type.application";
		};
/* End PBXNativeTarget section */

/* Begin PBXProject section */
		20286C28FDCF999611CA2CEA /* Project object */ = {
			isa = PBXProject;
			buildConfigurationList = CDAE3B8C0987D656003250F8 /* Build configuration list for PBXProject "iODBCadministrator" */;
			buildSettings = {
			};
			buildStyles = (
				1CEA8F0D005FBAFB7F000001 /* Development */,
				1CEA8F0E005FBAFB7F000001 /* Deployment */,
			);
			hasScannedForEncodings = 1;
			mainGroup = 20286C29FDCF999611CA2CEA /* iODBC Administrator */;
			projectDirPath = "";
			targets = (
				CDAE3B730987D655003250F8 /* iODBC Administrator */,
			);
		};
/* End PBXProject section */

/* Begin PBXResourcesBuildPhase section */
		CDAE3B7A0987D655003250F8 /* Resources */ = {
			isa = PBXResourcesBuildPhase;
			buildActionMask = 2147483647;
			files = (
				CDAE3B7B0987D655003250F8 /* InfoPlist.strings in Resources */,
				CDAE3B7C0987D655003250F8 /* main.xib in Resources */,
				CDAE3B7D0987D655003250F8 /* about.xib in Resources */,
				CDAE3B7E0987D655003250F8 /* iODBCAdministrator.icns in Resources */,
			);
			runOnlyForDeploymentPostprocessing = 0;
		};
/* End PBXResourcesBuildPhase section */

/* Begin PBXRezBuildPhase section */
		CDAE3B850987D655003250F8 /* Rez */ = {
			isa = PBXRezBuildPhase;
			buildActionMask = 2147483647;
			files = (
			);
			runOnlyForDeploymentPostprocessing = 0;
		};
/* End PBXRezBuildPhase section */

/* Begin PBXSourcesBuildPhase section */
		CDAE3B7F0987D655003250F8 /* Sources */ = {
			isa = PBXSourcesBuildPhase;
			buildActionMask = 2147483647;
			files = (
				CDAE3B800987D655003250F8 /* main.c in Sources */,
			);
			runOnlyForDeploymentPostprocessing = 0;
		};
/* End PBXSourcesBuildPhase section */

/* Begin PBXVariantGroup section */
		032007F4FFF1FEE97F000001 /* iODBCAdministrator.icns */ = {
			isa = PBXVariantGroup;
			children = (
				032007F5FFF1FEE97F000001 /* English */,
			);
			name = iODBCAdministrator.icns;
			sourceTree = SOURCE_ROOT;
		};
		04DF5BC2FFC03B507F000001 /* main.xib */ = {
			isa = PBXVariantGroup;
			children = (
				04DF5BC3FFC03B507F000001 /* English */,
			);
			name = main.xib;
			sourceTree = "<group>";
		};
		0867D6AAFE840B52C02AAC07 /* InfoPlist.strings */ = {
			isa = PBXVariantGroup;
			children = (
				0867D6ABFE840B52C02AAC07 /* English */,
			);
			name = InfoPlist.strings;
			sourceTree = "<group>";
		};
		4973747CFFCC29477F000001 /* about.xib */ = {
			isa = PBXVariantGroup;
			children = (
				4973747DFFCC29477F000001 /* English */,
			);
			name = about.xib;
			sourceTree = "<group>";
		};
/* End PBXVariantGroup section */

/* Begin XCBuildConfiguration section */
		CDAE3B870987D655003250F8 /* Development */ = {
			isa = XCBuildConfiguration;
			buildSettings = {
				COPY_PHASE_STRIP = YES;
				CURRENT_PROJECT_VERSION = 3.52.10;
				"Current project version" = 3.52.10;
				DEPLOYMENT_POSTPROCESSING = YES;
				DYLIB_COMPATIBILITY_VERSION = "";
				DYLIB_CURRENT_VERSION = 3.52.10;
				FRAMEWORK_SEARCH_PATHS = (
					../../mac/iODBC/build/Development,
					../../mac/iODBC/build,
					../../mac/iODBCinst/build/Development,
					../../mac/iODBCinst/build,
				);
				FRAMEWORK_VERSION = 3.52;
				"Framework version" = 3.52;
				GCC_DYNAMIC_NO_PIC = NO;
				GCC_ENABLE_FIX_AND_CONTINUE = NO;
				GCC_GENERATE_DEBUGGING_SYMBOLS = NO;
				GCC_OPTIMIZATION_LEVEL = 2;
				GCC_PREPROCESSOR_DEFINITIONS = (
					"DATEBUILD=`date`",
					"ODBCVER=0x351",
					_MACX,
				);
				HEADER_SEARCH_PATHS = ../../include;
				INFOPLIST_FILE = "Info-iODBC_Administrator.plist";
				INSTALL_PATH = /Applications/iODBC;
				LIBRARY_SEARCH_PATHS = "";
				OTHER_CFLAGS = "";
				OTHER_LDFLAGS = (
					"-bind_at_load",
					"-multiply_defined",
					suppress,
				);
				OTHER_REZFLAGS = "";
				PREBINDING = NO;
				PRODUCT_NAME = "iODBC Administrator";
				RESMERGER_SOURCES_FORK = data;
				SECTORDER_FLAGS = "";
				SKIP_INSTALL = YES;
				WARNING_CFLAGS = (
					"-Wmost",
					"-Wno-four-char-constants",
					"-Wno-unknown-pragmas",
				);
				WRAPPER_EXTENSION = app;
				ZERO_LINK = NO;
			};
			name = Development;
		};
		CDAE3B880987D655003250F8 /* Deployment */ = {
			isa = XCBuildConfiguration;
			buildSettings = {
				COPY_PHASE_STRIP = YES;
				FRAMEWORK_SEARCH_PATHS = (
					../../mac/iODBC/build/Deployment,
					../../mac/iODBC/build,
					../../mac/iODBCinst/build/Deployment,
					../../mac/iODBCinst/build,
				);
				GCC_ENABLE_FIX_AND_CONTINUE = NO;
				GCC_GENERATE_DEBUGGING_SYMBOLS = NO;
				GCC_OPTIMIZATION_LEVEL = 2;
				GCC_PREPROCESSOR_DEFINITIONS = (
					"DATEBUILD=`date`",
					"ODBCVER=0x351",
					_MACX,
				);
				HEADER_SEARCH_PATHS = ../../include;
				INFOPLIST_FILE = "Info-iODBC_Administrator.plist";
				INSTALL_PATH = /Applications/iODBC;
				LIBRARY_SEARCH_PATHS = "";
				OTHER_CFLAGS = "";
				OTHER_LDFLAGS = (
					"-bind_at_load",
					"-multiply_defined",
					suppress,
				);
				OTHER_REZFLAGS = "";
				PREBINDING = NO;
				PRODUCT_NAME = "iODBC Administrator";
				SECTORDER_FLAGS = "";
				WARNING_CFLAGS = (
					"-Wmost",
					"-Wno-four-char-constants",
					"-Wno-unknown-pragmas",
				);
				WRAPPER_EXTENSION = app;
				ZERO_LINK = NO;
			};
			name = Deployment;
		};
		CDAE3B8D0987D656003250F8 /* Development */ = {
			isa = XCBuildConfiguration;
			buildSettings = {
				ARCHS = (
					ppc,
					i386,
				);
				MACOSX_DEPLOYMENT_TARGET = $IODBC_TARGET;
				SDKROOT = $IODBC_SDK;
			};
			name = Development;
		};
		CDAE3B8E0987D656003250F8 /* Deployment */ = {
			isa = XCBuildConfiguration;
			buildSettings = {
				ARCHS = (
					ppc,
					i386,
				);
				MACOSX_DEPLOYMENT_TARGET = $IODBC_TARGET;
				SDKROOT = $IODBC_SDK;
			};
			name = Deployment;
		};
/* End XCBuildConfiguration section */

/* Begin XCConfigurationList section */
		CDAE3B860987D655003250F8 /* Build configuration list for PBXNativeTarget "iODBC Administrator" */ = {
			isa = XCConfigurationList;
			buildConfigurations = (
				CDAE3B870987D655003250F8 /* Development */,
				CDAE3B880987D655003250F8 /* Deployment */,
			);
			defaultConfigurationIsVisible = 0;
			defaultConfigurationName = Deployment;
		};
		CDAE3B8C0987D656003250F8 /* Build configuration list for PBXProject "iODBCadministrator" */ = {
			isa = XCConfigurationList;
			buildConfigurations = (
				CDAE3B8D0987D656003250F8 /* Development */,
				CDAE3B8E0987D656003250F8 /* Deployment */,
			);
			defaultConfigurationIsVisible = 0;
			defaultConfigurationName = Deployment;
		};
/* End XCConfigurationList section */
	};
	rootObject = 20286C28FDCF999611CA2CEA /* Project object */;
}
