// !$*UTF8*$!
{
	archiveVersion = 1;
	classes = {
	};
	objectVersion = 39;
	objects = {
		0249A667FF388E1711CA2CEA = {
			explicitFileType = wrapper.application;
			isa = PBXFileReference;
			path = "OpenLink ODBC Administrator.app";
			refType = 3;
			sourceTree = BUILT_PRODUCTS_DIR;
		};
//020
//021
//022
//023
//024
//030
//031
//032
//033
//034
		032007F4FFF1FEE97F000001 = {
			children = (
				032007F5FFF1FEE97F000001,
			);
			isa = PBXVariantGroup;
			name = iODBCAdministrator.icns;
			path = "";
			refType = 2;
			sourceTree = SOURCE_ROOT;
		};
		032007F5FFF1FEE97F000001 = {
			isa = PBXFileReference;
			lastKnownFileType = image.icns;
			name = English;
			path = English.lproj/iODBCAdministrator.icns;
			refType = 4;
			sourceTree = "<group>";
		};
		032007F6FFF1FEE97F000001 = {
			fileRef = 032007F4FFF1FEE97F000001;
			isa = PBXBuildFile;
			settings = {
			};
		};
//030
//031
//032
//033
//034
//040
//041
//042
//043
//044
		04313892FE3035C9C02AAC07 = {
			buildActionMask = 2147483647;
			files = (
			);
			isa = PBXRezBuildPhase;
			runOnlyForDeploymentPostprocessing = 0;
		};
		04DF5BB1FFC0300D7F000001 = {
			isa = PBXFileReference;
			lastKnownFileType = wrapper.framework;
			name = Carbon.framework;
			path = /System/Library/Frameworks/Carbon.framework;
			refType = 0;
			sourceTree = "<absolute>";
		};
		04DF5BB4FFC0300D7F000001 = {
			fileRef = 04DF5BB1FFC0300D7F000001;
			isa = PBXBuildFile;
			settings = {
			};
		};
		04DF5BB9FFC030907F000001 = {
			fileRef = 04DF5BB8FFC030907F000001;
			isa = PBXBuildFile;
			settings = {
			};
		};
		04DF5BC2FFC03B507F000001 = {
			children = (
				04DF5BC3FFC03B507F000001,
			);
			isa = PBXVariantGroup;
			name = main.nib;
			path = "";
			refType = 4;
			sourceTree = "<group>";
		};
		04DF5BC3FFC03B507F000001 = {
			isa = PBXFileReference;
			lastKnownFileType = wrapper.nib;
			name = English;
			path = English.lproj/main.nib;
			refType = 4;
			sourceTree = "<group>";
		};
		04DF5BC4FFC03B507F000001 = {
			fileRef = 04DF5BC2FFC03B507F000001;
			isa = PBXBuildFile;
			settings = {
			};
		};
//040
//041
//042
//043
//044
//080
//081
//082
//083
//084
		0867D6AAFE840B52C02AAC07 = {
			children = (
				0867D6ABFE840B52C02AAC07,
			);
			isa = PBXVariantGroup;
			name = InfoPlist.strings;
			refType = 4;
			sourceTree = "<group>";
		};
		0867D6ABFE840B52C02AAC07 = {
			fileEncoding = 4;
			isa = PBXFileReference;
			lastKnownFileType = text.plist.strings;
			name = English;
			path = English.lproj/InfoPlist.strings;
			refType = 4;
			sourceTree = "<group>";
		};
		0867D6ACFE840B52C02AAC07 = {
			fileRef = 0867D6AAFE840B52C02AAC07;
			isa = PBXBuildFile;
			settings = {
			};
		};
//080
//081
//082
//083
//084
//190
//191
//192
//193
//194
		195DF8CFFE9D517E11CA2CBB = {
			children = (
				0249A667FF388E1711CA2CEA,
			);
			isa = PBXGroup;
			name = Products;
			refType = 4;
			sourceTree = "<group>";
		};
//190
//191
//192
//193
//194
//1C0
//1C1
//1C2
//1C3
//1C4
		1CEA8F0D005FBAFB7F000001 = {
			buildSettings = {
				COPY_PHASE_STRIP = YES;
				CURRENT_PROJECT_VERSION = 3.52.10;
				"Current project version" = 3.52.10;
				DEPLOYMENT_POSTPROCESSING = YES;
				DYLIB_COMPATIBILITY_VERSION = "";
				DYLIB_CURRENT_VERSION = 3.52.10;
				FRAMEWORK_VERSION = 3.52;
				"Framework version" = 3.52;
				GCC_DYNAMIC_NO_PIC = NO;
				GCC_ENABLE_FIX_AND_CONTINUE = NO;
				GCC_GENERATE_DEBUGGING_SYMBOLS = NO;
				GCC_OPTIMIZATION_LEVEL = 2;
				OPTIMIZATION_CFLAGS = "-O2";
				OTHER_CFLAGS = "-DDATEBUILD=\"`date`\" -DODBCVER=0x351 -D_MACX";
				RESMERGER_SOURCES_FORK = data;
				SKIP_INSTALL = YES;
				ZERO_LINK = NO;
			};
			isa = PBXBuildStyle;
			name = Development;
		};
		1CEA8F0E005FBAFB7F000001 = {
			buildSettings = {
				COPY_PHASE_STRIP = YES;
				GCC_ENABLE_FIX_AND_CONTINUE = NO;
				ZERO_LINK = NO;
			};
			isa = PBXBuildStyle;
			name = Deployment;
		};
		1CEA8F15005FBBC97F000001 = {
			fileEncoding = 4;
			isa = PBXFileReference;
			lastKnownFileType = sourcecode.c.c;
			name = main.c;
			path = ../../iodbcadm/macosx/main.c;
			refType = 2;
			sourceTree = SOURCE_ROOT;
		};
		1CEA8F16005FBBC97F000001 = {
			fileRef = 1CEA8F15005FBBC97F000001;
			isa = PBXBuildFile;
			settings = {
			};
		};
//1C0
//1C1
//1C2
//1C3
//1C4
//200
//201
//202
//203
//204
		20286C28FDCF999611CA2CEA = {
			buildSettings = {
			};
			buildStyles = (
				1CEA8F0D005FBAFB7F000001,
				1CEA8F0E005FBAFB7F000001,
			);
			hasScannedForEncodings = 1;
			isa = PBXProject;
			mainGroup = 20286C29FDCF999611CA2CEA;
			projectDirPath = "";
			targets = (
				20286C34FDCF999611CA2CEA,
			);
		};
		20286C29FDCF999611CA2CEA = {
			children = (
				20286C2AFDCF999611CA2CEA,
				20286C2CFDCF999611CA2CEA,
				20286C32FDCF999611CA2CEA,
				195DF8CFFE9D517E11CA2CBB,
			);
			isa = PBXGroup;
			name = "OpenLink ODBC Administrator";
			path = "";
			refType = 4;
			sourceTree = "<group>";
		};
		20286C2AFDCF999611CA2CEA = {
			children = (
				71A26EE8069D5782005AC343,
				1CEA8F15005FBBC97F000001,
				F5C2EB0F0518625501A801EC,
				F5C2EB100518625501A801EC,
				F5C2EB110518625501A801EC,
				F5C2EB150518627501A801EC,
			);
			isa = PBXGroup;
			name = Sources;
			path = "";
			refType = 4;
			sourceTree = "<group>";
		};
		20286C2CFDCF999611CA2CEA = {
			children = (
				04DF5BC2FFC03B507F000001,
				0867D6AAFE840B52C02AAC07,
				4973747CFFCC29477F000001,
				032007F4FFF1FEE97F000001,
			);
			isa = PBXGroup;
			name = Resources;
			path = "";
			refType = 4;
			sourceTree = "<group>";
		};
		20286C32FDCF999611CA2CEA = {
			children = (
				85D1BBC707E7D7C90070A59E,
				04DF5BB1FFC0300D7F000001,
				04DF5BB8FFC030907F000001,
				F5C2EB0D0518623801A801EC,
			);
			isa = PBXGroup;
			name = "External Frameworks and Libraries";
			path = "";
			refType = 4;
			sourceTree = "<group>";
		};
		20286C34FDCF999611CA2CEA = {
			buildPhases = (
				20286C35FDCF999611CA2CEA,
				20286C36FDCF999611CA2CEA,
				20286C38FDCF999611CA2CEA,
				20286C3BFDCF999611CA2CEA,
				04313892FE3035C9C02AAC07,
			);
			buildSettings = {
				DEBUGGING_SYMBOLS = NO;
				FRAMEWORK_SEARCH_PATHS = "../../mac/iODBC/build/Deployment ../../mac/iODBC/build ../../mac/iODBCinst/build/Deployment ../../mac/iODBCinst/build";
				HEADER_SEARCH_PATHS = "../../include";
				INSTALL_PATH = /Applications/Utilities;
				LIBRARY_SEARCH_PATHS = "";
				OPTIMIZATION_CFLAGS = "-O2";
				OTHER_CFLAGS = "-DDATEBUILD=\"`date`\" -DODBCVER=0x351 -D_MACX";
				OTHER_LDFLAGS = "-bind_at_load -multiply_defined suppress";
				OTHER_REZFLAGS = "";
				PREBINDING = NO;
				PRODUCT_NAME = "OpenLink ODBC Administrator";
				SECTORDER_FLAGS = "";
				WARNING_CFLAGS = "-Wmost -Wno-four-char-constants -Wno-unknown-pragmas";
				WRAPPER_EXTENSION = app;
			};
			dependencies = (
			);
			isa = PBXApplicationTarget;
			name = "iODBC Administrator";
			productInstallPath = /Applications/Utilities;
			productName = "iODBC Administrator";
			productReference = 0249A667FF388E1711CA2CEA;
			productSettingsXML = "<?xml version=\"1.0\" encoding=\"UTF-8\"?>
<!DOCTYPE plist PUBLIC \"-//Apple Computer//DTD PLIST 1.0//EN\" \"http://www.apple.com/DTDs/PropertyList-1.0.dtd\">
<plist version=\"1.0\">
<dict>
	<key>CFBundleDevelopmentRegion</key>
	<string>English</string>
	<key>CFBundleExecutable</key>
	<string>OpenLink ODBC Administrator</string>
	<key>CFBundleGetInfoString</key>
	<string>OpenLink ODBC Administrator</string>
	<key>CFBundleIconFile</key>
	<string>iODBCAdministrator.icns</string>
	<key>CFBundleIdentifier</key>
	<string>org.iodbc.iODBCAdministrator</string>
	<key>CFBundleInfoDictionaryVersion</key>
	<string>6.0</string>
	<key>CFBundleName</key>
	<string>OpenLink ODBC Administrator</string>
	<key>CFBundlePackageType</key>
	<string>APPL</string>
	<key>CFBundleShortVersionString</key>
	<string>3.52.10</string>
	<key>CFBundleSignature</key>
	<string>odbc</string>
	<key>CFBundleVersion</key>
	<string>3.52.10</string>
</dict>
</plist>
";
		};
		20286C35FDCF999611CA2CEA = {
			buildActionMask = 2147483647;
			files = (
				F5C2EB120518625501A801EC,
				F5C2EB130518625501A801EC,
				F5C2EB140518625501A801EC,
				F5C2EB160518627501A801EC,
				71A26EE9069D5783005AC343,
			);
			isa = PBXHeadersBuildPhase;
			runOnlyForDeploymentPostprocessing = 0;
		};
		20286C36FDCF999611CA2CEA = {
			buildActionMask = 2147483647;
			files = (
				0867D6ACFE840B52C02AAC07,
				04DF5BC4FFC03B507F000001,
				4973747EFFCC29477F000001,
				032007F6FFF1FEE97F000001,
			);
			isa = PBXResourcesBuildPhase;
			runOnlyForDeploymentPostprocessing = 0;
		};
		20286C38FDCF999611CA2CEA = {
			buildActionMask = 2147483647;
			files = (
				1CEA8F16005FBBC97F000001,
			);
			isa = PBXSourcesBuildPhase;
			runOnlyForDeploymentPostprocessing = 0;
		};
		20286C3BFDCF999611CA2CEA = {
			buildActionMask = 2147483647;
			files = (
				04DF5BB4FFC0300D7F000001,
				04DF5BB9FFC030907F000001,
				F5C2EB0E0518623801A801EC,
				85D1BBC807E7D7C90070A59E,
			);
			isa = PBXFrameworksBuildPhase;
			runOnlyForDeploymentPostprocessing = 0;
		};
//200
//201
//202
//203
//204
//490
//491
//492
//493
//494
		4973747CFFCC29477F000001 = {
			children = (
				4973747DFFCC29477F000001,
			);
			isa = PBXVariantGroup;
			name = about.nib;
			path = "";
			refType = 4;
			sourceTree = "<group>";
		};
		4973747DFFCC29477F000001 = {
			isa = PBXFileReference;
			lastKnownFileType = wrapper.nib;
			name = English;
			path = English.lproj/about.nib;
			refType = 4;
			sourceTree = "<group>";
		};
		4973747EFFCC29477F000001 = {
			fileRef = 4973747CFFCC29477F000001;
			isa = PBXBuildFile;
			settings = {
			};
		};
//490
//491
//492
//493
//494
//710
//711
//712
//713
//714
		71A26EE8069D5782005AC343 = {
			fileEncoding = 30;
			isa = PBXFileReference;
			lastKnownFileType = sourcecode.c.h;
			name = iodbcunix.h;
			path = ../../include/iodbcunix.h;
			refType = 2;
			sourceTree = SOURCE_ROOT;
		};
		71A26EE9069D5783005AC343 = {
			fileRef = 71A26EE8069D5782005AC343;
			isa = PBXBuildFile;
			settings = {
			};
		};
//710
//711
//712
//713
//714
//850
//851
//852
//853
//854
		85D1BBC707E7D7C90070A59E = {
			isa = PBXFileReference;
			lastKnownFileType = wrapper.framework;
			name = iODBC.framework;
			path = ../../mac/iODBC/build/iODBC.framework;
			refType = 2;
			sourceTree = SOURCE_ROOT;
		};
		85D1BBC807E7D7C90070A59E = {
			fileRef = 85D1BBC707E7D7C90070A59E;
			isa = PBXBuildFile;
			settings = {
			};
		};
//850
//851
//852
//853
//854
//F50
//F51
//F52
//F53
//F54
		F5C2EB0D0518623801A801EC = {
			isa = PBXFileReference;
			lastKnownFileType = wrapper.framework;
			name = iODBCinst.framework;
			path = ../../mac/iODBCinst/build/iODBCinst.framework;
			refType = 2;
			sourceTree = SOURCE_ROOT;
		};
		F5C2EB0E0518623801A801EC = {
			fileRef = F5C2EB0D0518623801A801EC;
			isa = PBXBuildFile;
			settings = {
			};
		};
		F5C2EB0F0518625501A801EC = {
			fileEncoding = 4;
			isa = PBXFileReference;
			lastKnownFileType = sourcecode.c.h;
			name = odbcinst.h;
			path = ../../include/odbcinst.h;
			refType = 2;
			sourceTree = SOURCE_ROOT;
		};
		F5C2EB100518625501A801EC = {
			fileEncoding = 4;
			isa = PBXFileReference;
			lastKnownFileType = sourcecode.c.h;
			name = sql.h;
			path = ../../include/sql.h;
			refType = 2;
			sourceTree = SOURCE_ROOT;
		};
		F5C2EB110518625501A801EC = {
			fileEncoding = 4;
			isa = PBXFileReference;
			lastKnownFileType = sourcecode.c.h;
			name = sqltypes.h;
			path = ../../include/sqltypes.h;
			refType = 2;
			sourceTree = SOURCE_ROOT;
		};
		F5C2EB120518625501A801EC = {
			fileRef = F5C2EB0F0518625501A801EC;
			isa = PBXBuildFile;
			settings = {
			};
		};
		F5C2EB130518625501A801EC = {
			fileRef = F5C2EB100518625501A801EC;
			isa = PBXBuildFile;
			settings = {
			};
		};
		F5C2EB140518625501A801EC = {
			fileRef = F5C2EB110518625501A801EC;
			isa = PBXBuildFile;
			settings = {
			};
		};
		F5C2EB150518627501A801EC = {
			fileEncoding = 4;
			isa = PBXFileReference;
			lastKnownFileType = sourcecode.c.h;
			name = iodbc.h;
			path = ../../include/iodbc.h;
			refType = 2;
			sourceTree = SOURCE_ROOT;
		};
		F5C2EB160518627501A801EC = {
			fileRef = F5C2EB150518627501A801EC;
			isa = PBXBuildFile;
			settings = {
			};
		};
	};
	rootObject = 20286C28FDCF999611CA2CEA;
}
