// !$*UTF8*$!
{
	archiveVersion = 1;
	classes = {
	};
	objectVersion = 39;
	objects = {
		089C1669FE841209C02AAC07 = {
			buildSettings = {
			};
			buildStyles = (
				4F9091AC011F3BD104CA0E50,
				4F9091AD011F3BD104CA0E50,
			);
			hasScannedForEncodings = 1;
			isa = PBXProject;
			mainGroup = 089C166AFE841209C02AAC07;
			projectDirPath = "";
			targets = (
				8D01CCC60486CAD60068D4B7,
			);
		};
		089C166AFE841209C02AAC07 = {
			children = (
				08FB77ADFE841716C02AAC07,
				089C167CFE841241C02AAC07,
				089C1671FE841209C02AAC07,
				19C28FB4FE9D528D11CA2CBB,
			);
			isa = PBXGroup;
			name = iODBCadm;
			refType = 4;
			sourceTree = "<group>";
		};
		089C1671FE841209C02AAC07 = {
			children = (
				85983E0E07D2C2080022E958,
				85983D8707D2C1A50022E958,
				85983D8507D2C1870022E958,
				08EA7FFBFE8413EDC02AAC07,
			);
			isa = PBXGroup;
			name = "External Frameworks and Libraries";
			refType = 4;
			sourceTree = "<group>";
		};
		089C167CFE841241C02AAC07 = {
			children = (
				85A1429E09A222FF00A8D155,
				85983CCA07D2BCCD0022E958,
				85983CCC07D2BCCD0022E958,
				85983CCE07D2BCCD0022E958,
				85983CD007D2BCCD0022E958,
				85983CD207D2BCCD0022E958,
				85983CD407D2BCCD0022E958,
				85983CD607D2BCCD0022E958,
				85983CD807D2BCCD0022E958,
				089C167EFE841241C02AAC07,
			);
			isa = PBXGroup;
			name = Resources;
			refType = 4;
			sourceTree = "<group>";
		};
		089C167EFE841241C02AAC07 = {
			fileEncoding = 4;
			isa = PBXFileReference;
			lastKnownFileType = text.plist.strings;
			path = InfoPlist.strings;
			refType = 4;
			sourceTree = "<group>";
		};
		08EA7FFBFE8413EDC02AAC07 = {
			isa = PBXFileReference;
			lastKnownFileType = wrapper.framework;
			name = Carbon.framework;
			path = /System/Library/Frameworks/Carbon.framework;
			refType = 0;
			sourceTree = "<absolute>";
		};
		08FB77ADFE841716C02AAC07 = {
			children = (
				85983C9C07D2B7A20022E958,
				85983C9B07D2B7960022E958,
				85983C9A07D2B78C0022E958,
				85983C5807D2B6C60022E958,
			);
			isa = PBXGroup;
			name = Source;
			refType = 4;
			sourceTree = "<group>";
		};
//080
//081
//082
//083
//084
//190
//191
//192
//193
//194
		19C28FB4FE9D528D11CA2CBB = {
			children = (
				8D01CCD20486CAD60068D4B7,
			);
			isa = PBXGroup;
			name = Products;
			refType = 4;
			sourceTree = "<group>";
		};
//190
//191
//192
//193
//194
//4F0
//4F1
//4F2
//4F3
//4F4
		4F9091AC011F3BD104CA0E50 = {
			buildSettings = {
				COPY_PHASE_STRIP = YES;
				CURRENT_PROJECT_VERSION = 3.52.10;
				DEBUGGING_SYMBOLS = NO;
				DEPLOYMENT_POSTPROCESSING = YES;
				DYLIB_COMPATIBILITY_VERSION = 1.0.0;
				DYLIB_CURRENT_VERSION = 3.52.10;
				EXPORTED_SYMBOLS_FILE = ../../macosx/iodbcadm.exp;
				FRAMEWORK_VERSION = 3.52;
				GCC_DYNAMIC_NO_PIC = NO;
				GCC_ENABLE_FIX_AND_CONTINUE = NO;
				GCC_GENERATE_DEBUGGING_SYMBOLS = NO;
				GCC_OPTIMIZATION_LEVEL = 2;
				LIBRARY_STYLE = BUNDLE;
				OPTIMIZATION_CFLAGS = "-O2";
				OTHER_CFLAGS = "-DODBCVER=0x351 -D_MACX -DDLDAPI_MACX -DMACOSX=103";
				SKIP_INSTALL = YES;
				STRIPFLAGS = "-u -r -s ../../macosx/iodbcadm.exp";
				ZERO_LINK = NO;
			};
			isa = PBXBuildStyle;
			name = Development;
		};
		4F9091AD011F3BD104CA0E50 = {
			buildSettings = {
				COPY_PHASE_STRIP = YES;
				GCC_ENABLE_FIX_AND_CONTINUE = NO;
				ZERO_LINK = NO;
			};
			isa = PBXBuildStyle;
			name = Deployment;
		};
//4F0
//4F1
//4F2
//4F3
//4F4
//850
//851
//852
//853
//854
		85983C5807D2B6C60022E958 = {
			children = (
				85983C8107D2B7400022E958,
				85983C5D07D2B7260022E958,
				85983C5E07D2B7260022E958,
				85983C5F07D2B7260022E958,
				85983C6007D2B7260022E958,
				85983C5907D2B7000022E958,
				85983C5A07D2B7000022E958,
			);
			isa = PBXGroup;
			name = iodbcadm;
			refType = 4;
			sourceTree = "<group>";
		};
		85983C5907D2B7000022E958 = {
			fileEncoding = 30;
			isa = PBXFileReference;
			lastKnownFileType = sourcecode.c.c;
			name = drvconn.c;
			path = ../../iodbcadm/drvconn.c;
			refType = 2;
			sourceTree = SOURCE_ROOT;
		};
		85983C5A07D2B7000022E958 = {
			fileEncoding = 30;
			isa = PBXFileReference;
			lastKnownFileType = sourcecode.c.c;
			name = error.c;
			path = ../../iodbcadm/error.c;
			refType = 2;
			sourceTree = SOURCE_ROOT;
		};
		85983C5B07D2B7000022E958 = {
			fileRef = 85983C5907D2B7000022E958;
			isa = PBXBuildFile;
			settings = {
			};
		};
		85983C5C07D2B7000022E958 = {
			fileRef = 85983C5A07D2B7000022E958;
			isa = PBXBuildFile;
			settings = {
			};
		};
		85983C5D07D2B7260022E958 = {
			fileEncoding = 30;
			isa = PBXFileReference;
			lastKnownFileType = sourcecode.c.h;
			name = gui.h;
			path = ../../iodbcadm/gui.h;
			refType = 2;
			sourceTree = SOURCE_ROOT;
		};
		85983C5E07D2B7260022E958 = {
			fileEncoding = 30;
			isa = PBXFileReference;
			lastKnownFileType = sourcecode.c.c;
			name = Info.c;
			path = ../../iodbcadm/Info.c;
			refType = 2;
			sourceTree = SOURCE_ROOT;
		};
		85983C5F07D2B7260022E958 = {
			fileEncoding = 30;
			isa = PBXFileReference;
			lastKnownFileType = sourcecode.exports;
			name = iodbcadm.exp;
			path = ../../iodbcadm/iodbcadm.exp;
			refType = 2;
			sourceTree = SOURCE_ROOT;
		};
		85983C6007D2B7260022E958 = {
			fileEncoding = 30;
			isa = PBXFileReference;
			lastKnownFileType = sourcecode.c.h;
			name = iodbcadm.h;
			path = ../../iodbcadm/iodbcadm.h;
			refType = 2;
			sourceTree = SOURCE_ROOT;
		};
		85983C6F07D2B7260022E958 = {
			fileRef = 85983C5D07D2B7260022E958;
			isa = PBXBuildFile;
			settings = {
			};
		};
		85983C7007D2B7260022E958 = {
			fileRef = 85983C5E07D2B7260022E958;
			isa = PBXBuildFile;
			settings = {
			};
		};
		85983C7107D2B7260022E958 = {
			fileRef = 85983C5F07D2B7260022E958;
			isa = PBXBuildFile;
			settings = {
			};
		};
		85983C7207D2B7260022E958 = {
			fileRef = 85983C6007D2B7260022E958;
			isa = PBXBuildFile;
			settings = {
			};
		};
		85983C8107D2B7400022E958 = {
			children = (
				85A1429A09A222D400A8D155,
				85A1429B09A222D400A8D155,
				85983C8207D2B7780022E958,
				85983C8307D2B7780022E958,
				85983C8407D2B7780022E958,
				85983C8507D2B7780022E958,
				85983C8607D2B7780022E958,
				85983C8707D2B7780022E958,
				85983C8807D2B7780022E958,
				85983C8907D2B7780022E958,
				85983C8A07D2B7780022E958,
				85983C8B07D2B7780022E958,
				85983C8C07D2B7780022E958,
				85983C8D07D2B7780022E958,
			);
			isa = PBXGroup;
			name = macosx;
			refType = 4;
			sourceTree = "<group>";
		};
		85983C8207D2B7780022E958 = {
			fileEncoding = 30;
			isa = PBXFileReference;
			lastKnownFileType = sourcecode.c.c;
			name = administrator.c;
			path = ../../iodbcadm/macosx/administrator.c;
			refType = 2;
			sourceTree = SOURCE_ROOT;
		};
		85983C8307D2B7780022E958 = {
			fileEncoding = 30;
			isa = PBXFileReference;
			lastKnownFileType = sourcecode.c.c;
			name = confirm.c;
			path = ../../iodbcadm/macosx/confirm.c;
			refType = 2;
			sourceTree = SOURCE_ROOT;
		};
		85983C8407D2B7780022E958 = {
			fileEncoding = 30;
			isa = PBXFileReference;
			lastKnownFileType = sourcecode.c.c;
			name = driverchooser.c;
			path = ../../iodbcadm/macosx/driverchooser.c;
			refType = 2;
			sourceTree = SOURCE_ROOT;
		};
		85983C8507D2B7780022E958 = {
			fileEncoding = 30;
			isa = PBXFileReference;
			lastKnownFileType = sourcecode.c.c;
			name = driversetup.c;
			path = ../../iodbcadm/macosx/driversetup.c;
			refType = 2;
			sourceTree = SOURCE_ROOT;
		};
		85983C8607D2B7780022E958 = {
			fileEncoding = 30;
			isa = PBXFileReference;
			lastKnownFileType = sourcecode.c.c;
			name = dsnchooser.c;
			path = ../../iodbcadm/macosx/dsnchooser.c;
			refType = 2;
			sourceTree = SOURCE_ROOT;
		};
		85983C8707D2B7780022E958 = {
			fileEncoding = 30;
			isa = PBXFileReference;
			lastKnownFileType = sourcecode.c.c;
			name = errorbox.c;
			path = ../../iodbcadm/macosx/errorbox.c;
			refType = 2;
			sourceTree = SOURCE_ROOT;
		};
		85983C8807D2B7780022E958 = {
			fileEncoding = 30;
			isa = PBXFileReference;
			lastKnownFileType = sourcecode.c.c;
			name = fdriverchoose.c;
			path = ../../iodbcadm/macosx/fdriverchoose.c;
			refType = 2;
			sourceTree = SOURCE_ROOT;
		};
		85983C8907D2B7780022E958 = {
			fileEncoding = 30;
			isa = PBXFileReference;
			lastKnownFileType = sourcecode.c.h;
			name = gui.h;
			path = ../../iodbcadm/macosx/gui.h;
			refType = 2;
			sourceTree = SOURCE_ROOT;
		};
		85983C8A07D2B7780022E958 = {
			fileEncoding = 30;
			isa = PBXFileReference;
			lastKnownFileType = sourcecode.rez;
			name = iodbcadm.r;
			path = ../../iodbcadm/macosx/iodbcadm.r;
			refType = 2;
			sourceTree = SOURCE_ROOT;
		};
		85983C8B07D2B7780022E958 = {
			fileEncoding = 30;
			isa = PBXFileReference;
			lastKnownFileType = sourcecode.c.c;
			name = main.c;
			path = ../../iodbcadm/macosx/main.c;
			refType = 2;
			sourceTree = SOURCE_ROOT;
		};
		85983C8C07D2B7780022E958 = {
			fileEncoding = 30;
			isa = PBXFileReference;
			lastKnownFileType = sourcecode.c.c;
			name = messagebox.c;
			path = ../../iodbcadm/macosx/messagebox.c;
			refType = 2;
			sourceTree = SOURCE_ROOT;
		};
		85983C8D07D2B7780022E958 = {
			fileEncoding = 30;
			isa = PBXFileReference;
			lastKnownFileType = sourcecode.c.c;
			name = translatorchooser.c;
			path = ../../iodbcadm/macosx/translatorchooser.c;
			refType = 2;
			sourceTree = SOURCE_ROOT;
		};
		85983C8E07D2B7780022E958 = {
			fileRef = 85983C8207D2B7780022E958;
			isa = PBXBuildFile;
			settings = {
			};
		};
		85983C8F07D2B7780022E958 = {
			fileRef = 85983C8307D2B7780022E958;
			isa = PBXBuildFile;
			settings = {
			};
		};
		85983C9007D2B7780022E958 = {
			fileRef = 85983C8407D2B7780022E958;
			isa = PBXBuildFile;
			settings = {
			};
		};
		85983C9107D2B7780022E958 = {
			fileRef = 85983C8507D2B7780022E958;
			isa = PBXBuildFile;
			settings = {
			};
		};
		85983C9207D2B7780022E958 = {
			fileRef = 85983C8607D2B7780022E958;
			isa = PBXBuildFile;
			settings = {
			};
		};
		85983C9307D2B7780022E958 = {
			fileRef = 85983C8707D2B7780022E958;
			isa = PBXBuildFile;
			settings = {
			};
		};
		85983C9407D2B7780022E958 = {
			fileRef = 85983C8807D2B7780022E958;
			isa = PBXBuildFile;
			settings = {
			};
		};
		85983C9507D2B7780022E958 = {
			fileRef = 85983C8907D2B7780022E958;
			isa = PBXBuildFile;
			settings = {
			};
		};
		85983C9607D2B7780022E958 = {
			fileRef = 85983C8A07D2B7780022E958;
			isa = PBXBuildFile;
			settings = {
			};
		};
		85983C9707D2B7780022E958 = {
			fileRef = 85983C8B07D2B7780022E958;
			isa = PBXBuildFile;
			settings = {
			};
		};
		85983C9807D2B7780022E958 = {
			fileRef = 85983C8C07D2B7780022E958;
			isa = PBXBuildFile;
			settings = {
			};
		};
		85983C9907D2B7780022E958 = {
			fileRef = 85983C8D07D2B7780022E958;
			isa = PBXBuildFile;
			settings = {
			};
		};
		85983C9A07D2B78C0022E958 = {
			children = (
				85983CB707D2B94F0022E958,
				85983CB807D2B94F0022E958,
				85983CB507D2B9330022E958,
				85983CB307D2B90F0022E958,
				85983CB107D2B8F10022E958,
				85983CAB07D2B8CD0022E958,
				85983CAD07D2B8CD0022E958,
				85983CA307D2B8930022E958,
				85983CA507D2B8930022E958,
				85983CA607D2B8930022E958,
				85983CA107D2B85F0022E958,
				85983C9D07D2B8290022E958,
				85983C9E07D2B8290022E958,
			);
			isa = PBXGroup;
			name = iODBC;
			refType = 4;
			sourceTree = "<group>";
		};
		85983C9B07D2B7960022E958 = {
			children = (
				85983CBD07D2B9B30022E958,
				85983CBB07D2B98B0022E958,
			);
			isa = PBXGroup;
			name = iODBCinst;
			refType = 4;
			sourceTree = "<group>";
		};
		85983C9C07D2B7A20022E958 = {
			children = (
				85983CBF07D2B9DE0022E958,
				85983CC007D2B9DE0022E958,
			);
			isa = PBXGroup;
			name = "Mac basic functions";
			refType = 4;
			sourceTree = "<group>";
		};
		85983C9D07D2B8290022E958 = {
			fileEncoding = 30;
			isa = PBXFileReference;
			lastKnownFileType = sourcecode.c.h;
			name = iodbc.h;
			path = ../../include/iodbc.h;
			refType = 2;
			sourceTree = SOURCE_ROOT;
		};
		85983C9E07D2B8290022E958 = {
			fileEncoding = 30;
			isa = PBXFileReference;
			lastKnownFileType = sourcecode.c.h;
			name = iodbcext.h;
			path = ../../include/iodbcext.h;
			refType = 2;
			sourceTree = SOURCE_ROOT;
		};
		85983C9F07D2B8290022E958 = {
			fileRef = 85983C9D07D2B8290022E958;
			isa = PBXBuildFile;
			settings = {
			};
		};
		85983CA007D2B8290022E958 = {
			fileRef = 85983C9E07D2B8290022E958;
			isa = PBXBuildFile;
			settings = {
			};
		};
		85983CA107D2B85F0022E958 = {
			fileEncoding = 30;
			isa = PBXFileReference;
			lastKnownFileType = sourcecode.c.h;
			name = iodbcunix.h;
			path = ../../include/iodbcunix.h;
			refType = 2;
			sourceTree = SOURCE_ROOT;
		};
		85983CA207D2B85F0022E958 = {
			fileRef = 85983CA107D2B85F0022E958;
			isa = PBXBuildFile;
			settings = {
			};
		};
		85983CA307D2B8930022E958 = {
			fileEncoding = 30;
			isa = PBXFileReference;
			lastKnownFileType = sourcecode.c.h;
			name = sql.h;
			path = ../../include/sql.h;
			refType = 2;
			sourceTree = SOURCE_ROOT;
		};
		85983CA507D2B8930022E958 = {
			fileEncoding = 30;
			isa = PBXFileReference;
			lastKnownFileType = sourcecode.c.h;
			name = sqltypes.h;
			path = ../../include/sqltypes.h;
			refType = 2;
			sourceTree = SOURCE_ROOT;
		};
		85983CA607D2B8930022E958 = {
			fileEncoding = 30;
			isa = PBXFileReference;
			lastKnownFileType = sourcecode.c.h;
			name = sqlucode.h;
			path = ../../include/sqlucode.h;
			refType = 2;
			sourceTree = SOURCE_ROOT;
		};
		85983CA707D2B8930022E958 = {
			fileRef = 85983CA307D2B8930022E958;
			isa = PBXBuildFile;
			settings = {
			};
		};
		85983CA907D2B8930022E958 = {
			fileRef = 85983CA507D2B8930022E958;
			isa = PBXBuildFile;
			settings = {
			};
		};
		85983CAA07D2B8930022E958 = {
			fileRef = 85983CA607D2B8930022E958;
			isa = PBXBuildFile;
			settings = {
			};
		};
		85983CAB07D2B8CD0022E958 = {
			fileEncoding = 30;
			isa = PBXFileReference;
			lastKnownFileType = sourcecode.c.h;
			name = dlf.h;
			path = ../../iodbcinst/dlf.h;
			refType = 2;
			sourceTree = SOURCE_ROOT;
		};
		85983CAD07D2B8CD0022E958 = {
			fileEncoding = 30;
			isa = PBXFileReference;
			lastKnownFileType = sourcecode.c.h;
			name = dlproc.h;
			path = ../../iodbc/dlproc.h;
			refType = 2;
			sourceTree = SOURCE_ROOT;
		};
		85983CAE07D2B8CD0022E958 = {
			fileRef = 85983CAB07D2B8CD0022E958;
			isa = PBXBuildFile;
			settings = {
			};
		};
		85983CB007D2B8CD0022E958 = {
			fileRef = 85983CAD07D2B8CD0022E958;
			isa = PBXBuildFile;
			settings = {
			};
		};
		85983CB107D2B8F10022E958 = {
			fileEncoding = 30;
			isa = PBXFileReference;
			lastKnownFileType = sourcecode.c.c;
			name = dlproc.c;
			path = ../../iodbc/dlproc.c;
			refType = 2;
			sourceTree = SOURCE_ROOT;
		};
		85983CB207D2B8F10022E958 = {
			fileRef = 85983CB107D2B8F10022E958;
			isa = PBXBuildFile;
			settings = {
			};
		};
		85983CB307D2B90F0022E958 = {
			fileEncoding = 30;
			isa = PBXFileReference;
			lastKnownFileType = sourcecode.c.c;
			name = dlf.c;
			path = ../../iodbcinst/dlf.c;
			refType = 2;
			sourceTree = SOURCE_ROOT;
		};
		85983CB407D2B90F0022E958 = {
			fileRef = 85983CB307D2B90F0022E958;
			isa = PBXBuildFile;
			settings = {
			};
		};
		85983CB507D2B9330022E958 = {
			fileEncoding = 30;
			isa = PBXFileReference;
			lastKnownFileType = sourcecode.c.h;
			name = herr.h;
			path = ../../iodbc/herr.h;
			refType = 2;
			sourceTree = SOURCE_ROOT;
		};
		85983CB607D2B9330022E958 = {
			fileRef = 85983CB507D2B9330022E958;
			isa = PBXBuildFile;
			settings = {
			};
		};
		85983CB707D2B94F0022E958 = {
			fileEncoding = 30;
			isa = PBXFileReference;
			lastKnownFileType = sourcecode.c.c;
			name = unicode.c;
			path = ../../iodbcinst/unicode.c;
			refType = 2;
			sourceTree = SOURCE_ROOT;
		};
		85983CB807D2B94F0022E958 = {
			fileEncoding = 30;
			isa = PBXFileReference;
			lastKnownFileType = sourcecode.c.h;
			name = unicode.h;
			path = ../../iodbcinst/unicode.h;
			refType = 2;
			sourceTree = SOURCE_ROOT;
		};
		85983CB907D2B94F0022E958 = {
			fileRef = 85983CB707D2B94F0022E958;
			isa = PBXBuildFile;
			settings = {
			};
		};
		85983CBA07D2B94F0022E958 = {
			fileRef = 85983CB807D2B94F0022E958;
			isa = PBXBuildFile;
			settings = {
			};
		};
		85983CBB07D2B98B0022E958 = {
			fileEncoding = 30;
			isa = PBXFileReference;
			lastKnownFileType = sourcecode.c.h;
			name = iodbcinst.h;
			path = ../../include/iodbcinst.h;
			refType = 2;
			sourceTree = SOURCE_ROOT;
		};
		85983CBC07D2B98B0022E958 = {
			fileRef = 85983CBB07D2B98B0022E958;
			isa = PBXBuildFile;
			settings = {
			};
		};
		85983CBD07D2B9B30022E958 = {
			fileEncoding = 30;
			isa = PBXFileReference;
			lastKnownFileType = sourcecode.c.h;
			name = odbcinst.h;
			path = ../../include/odbcinst.h;
			refType = 2;
			sourceTree = SOURCE_ROOT;
		};
		85983CBE07D2B9B30022E958 = {
			fileRef = 85983CBD07D2B9B30022E958;
			isa = PBXBuildFile;
			settings = {
			};
		};
		85983CBF07D2B9DE0022E958 = {
			fileEncoding = 30;
			isa = PBXFileReference;
			lastKnownFileType = sourcecode.c.c;
			name = getfpn.c;
			path = ../../iodbcadm/macosx/getfpn.c;
			refType = 2;
			sourceTree = SOURCE_ROOT;
		};
		85983CC007D2B9DE0022E958 = {
			fileEncoding = 30;
			isa = PBXFileReference;
			lastKnownFileType = sourcecode.c.h;
			name = getfpn.h;
			path = ../../iodbcadm/macosx/getfpn.h;
			refType = 2;
			sourceTree = SOURCE_ROOT;
		};
		85983CC107D2B9DE0022E958 = {
			fileRef = 85983CBF07D2B9DE0022E958;
			isa = PBXBuildFile;
			settings = {
			};
		};
		85983CC207D2B9DE0022E958 = {
			fileRef = 85983CC007D2B9DE0022E958;
			isa = PBXBuildFile;
			settings = {
			};
		};
		85983CC707D2BB760022E958 = {
			fileRef = 089C167EFE841241C02AAC07;
			isa = PBXBuildFile;
			settings = {
			};
		};
		85983CCA07D2BCCD0022E958 = {
			children = (
				85983CCB07D2BCCD0022E958,
			);
			isa = PBXVariantGroup;
			name = confirmation.nib;
			path = "";
			refType = 4;
			sourceTree = "<group>";
		};
		85983CCB07D2BCCD0022E958 = {
			isa = PBXFileReference;
			lastKnownFileType = wrapper.nib;
			name = English;
			path = English.lproj/confirmation.nib;
			refType = 4;
			sourceTree = "<group>";
		};
		85983CCC07D2BCCD0022E958 = {
			children = (
				85983CCD07D2BCCD0022E958,
			);
			isa = PBXVariantGroup;
			name = connectionpool.nib;
			path = "";
			refType = 4;
			sourceTree = "<group>";
		};
		85983CCD07D2BCCD0022E958 = {
			isa = PBXFileReference;
			lastKnownFileType = wrapper.nib;
			name = English;
			path = English.lproj/connectionpool.nib;
			refType = 4;
			sourceTree = "<group>";
		};
		85983CCE07D2BCCD0022E958 = {
			children = (
				85983CCF07D2BCCD0022E958,
			);
			isa = PBXVariantGroup;
			name = driverremove.nib;
			path = "";
			refType = 4;
			sourceTree = "<group>";
		};
		85983CCF07D2BCCD0022E958 = {
			isa = PBXFileReference;
			lastKnownFileType = wrapper.nib;
			name = English;
			path = English.lproj/driverremove.nib;
			refType = 4;
			sourceTree = "<group>";
		};
		85983CD007D2BCCD0022E958 = {
			children = (
				85983CD107D2BCCD0022E958,
			);
			isa = PBXVariantGroup;
			name = driversetup.nib;
			path = "";
			refType = 4;
			sourceTree = "<group>";
		};
		85983CD107D2BCCD0022E958 = {
			isa = PBXFileReference;
			lastKnownFileType = wrapper.nib;
			name = English;
			path = English.lproj/driversetup.nib;
			refType = 4;
			sourceTree = "<group>";
		};
		85983CD207D2BCCD0022E958 = {
			children = (
				85983CD307D2BCCD0022E958,
			);
			isa = PBXVariantGroup;
			name = drvchoose.tiff;
			path = "";
			refType = 4;
			sourceTree = "<group>";
		};
		85983CD307D2BCCD0022E958 = {
			isa = PBXFileReference;
			lastKnownFileType = image.tiff;
			name = English;
			path = English.lproj/drvchoose.tiff;
			refType = 4;
			sourceTree = "<group>";
		};
		85983CD407D2BCCD0022E958 = {
			children = (
				85983CD507D2BCCD0022E958,
			);
			isa = PBXVariantGroup;
			name = dsnchooser.nib;
			path = "";
			refType = 4;
			sourceTree = "<group>";
		};
		85983CD507D2BCCD0022E958 = {
			isa = PBXFileReference;
			lastKnownFileType = wrapper.nib;
			name = English;
			path = English.lproj/dsnchooser.nib;
			refType = 4;
			sourceTree = "<group>";
		};
		85983CD607D2BCCD0022E958 = {
			children = (
				85983CD707D2BCCD0022E958,
			);
			isa = PBXVariantGroup;
			name = odbcadmin.nib;
			path = "";
			refType = 4;
			sourceTree = "<group>";
		};
		85983CD707D2BCCD0022E958 = {
			isa = PBXFileReference;
			lastKnownFileType = wrapper.nib;
			name = English;
			path = English.lproj/odbcadmin.nib;
			refType = 4;
			sourceTree = "<group>";
		};
		85983CD807D2BCCD0022E958 = {
			children = (
				85983CD907D2BCCD0022E958,
			);
			isa = PBXVariantGroup;
			name = odbcdriver.nib;
			path = "";
			refType = 4;
			sourceTree = "<group>";
		};
		85983CD907D2BCCD0022E958 = {
			isa = PBXFileReference;
			lastKnownFileType = wrapper.nib;
			name = English;
			path = English.lproj/odbcdriver.nib;
			refType = 4;
			sourceTree = "<group>";
		};
		85983CDA07D2BCCD0022E958 = {
			fileRef = 85983CCA07D2BCCD0022E958;
			isa = PBXBuildFile;
			settings = {
			};
		};
		85983CDB07D2BCCD0022E958 = {
			fileRef = 85983CCC07D2BCCD0022E958;
			isa = PBXBuildFile;
			settings = {
			};
		};
		85983CDC07D2BCCD0022E958 = {
			fileRef = 85983CCE07D2BCCD0022E958;
			isa = PBXBuildFile;
			settings = {
			};
		};
		85983CDD07D2BCCD0022E958 = {
			fileRef = 85983CD007D2BCCD0022E958;
			isa = PBXBuildFile;
			settings = {
			};
		};
		85983CDE07D2BCCD0022E958 = {
			fileRef = 85983CD207D2BCCD0022E958;
			isa = PBXBuildFile;
			settings = {
			};
		};
		85983CDF07D2BCCD0022E958 = {
			fileRef = 85983CD407D2BCCD0022E958;
			isa = PBXBuildFile;
			settings = {
			};
		};
		85983CE007D2BCCD0022E958 = {
			fileRef = 85983CD607D2BCCD0022E958;
			isa = PBXBuildFile;
			settings = {
			};
		};
		85983CE107D2BCCD0022E958 = {
			fileRef = 85983CD807D2BCCD0022E958;
			isa = PBXBuildFile;
			settings = {
			};
		};
		85983D8507D2C1870022E958 = {
			isa = PBXFileReference;
			lastKnownFileType = wrapper.framework;
			name = iODBC.framework;
			path = ../../mac/iODBC/build/iODBC.framework;
			refType = 2;
			sourceTree = SOURCE_ROOT;
		};
		85983D8607D2C1870022E958 = {
			fileRef = 85983D8507D2C1870022E958;
			isa = PBXBuildFile;
			settings = {
			};
		};
		85983D8707D2C1A50022E958 = {
			isa = PBXFileReference;
			lastKnownFileType = wrapper.framework;
			name = iODBCinst.framework;
			path = ../../mac/iODBCinst/build/iODBCinst.framework;
			refType = 2;
			sourceTree = SOURCE_ROOT;
		};
		85983D8807D2C1A50022E958 = {
			fileRef = 85983D8707D2C1A50022E958;
			isa = PBXBuildFile;
			settings = {
			};
		};
		85983E0E07D2C2080022E958 = {
			isa = PBXFileReference;
			lastKnownFileType = wrapper.framework;
			name = CoreServices.framework;
			path = /System/Library/Frameworks/CoreServices.framework;
			refType = 0;
			sourceTree = "<absolute>";
		};
		85983E0F07D2C2080022E958 = {
			fileRef = 85983E0E07D2C2080022E958;
			isa = PBXBuildFile;
			settings = {
			};
		};
		85A1429A09A222D400A8D155 = {
			fileEncoding = "-2147483641";
			isa = PBXFileReference;
			lastKnownFileType = sourcecode.c.c;
			name = filedsn.c;
			path = ../iodbcadm/macosx/filedsn.c;
			refType = 2;
			sourceTree = SOURCE_ROOT;
		};
		85A1429B09A222D400A8D155 = {
			fileEncoding = "-2147483641";
			isa = PBXFileReference;
			lastKnownFileType = sourcecode.c.c;
			name = gensetup.c;
			path = ../iodbcadm/macosx/gensetup.c;
			refType = 2;
			sourceTree = SOURCE_ROOT;
		};
		85A1429C09A222D400A8D155 = {
			fileRef = 85A1429A09A222D400A8D155;
			isa = PBXBuildFile;
			settings = {
			};
		};
		85A1429D09A222D400A8D155 = {
			fileRef = 85A1429B09A222D400A8D155;
			isa = PBXBuildFile;
			settings = {
			};
		};
		85A1429E09A222FF00A8D155 = {
			children = (
				85A1429F09A222FF00A8D155,
			);
			isa = PBXVariantGroup;
			name = gensetup.nib;
			path = "";
			refType = 4;
			sourceTree = "<group>";
		};
		85A1429F09A222FF00A8D155 = {
			isa = PBXFileReference;
			lastKnownFileType = wrapper.nib;
			name = English;
			path = English.lproj/gensetup.nib;
			refType = 4;
			sourceTree = "<group>";
		};
		85A142A009A222FF00A8D155 = {
			fileRef = 85A1429E09A222FF00A8D155;
			isa = PBXBuildFile;
			settings = {
			};
		};
//850
//851
//852
//853
//854
//8D0
//8D1
//8D2
//8D3
//8D4
		8D01CCC60486CAD60068D4B7 = {
			buildPhases = (
				8D01CCC70486CAD60068D4B7,
				8D01CCC90486CAD60068D4B7,
				8D01CCCB0486CAD60068D4B7,
				8D01CCCD0486CAD60068D4B7,
				8D01CCCF0486CAD60068D4B7,
			);
			buildSettings = {
				DEBUGGING_SYMBOLS = NO;
				FRAMEWORK_SEARCH_PATHS = "../../mac/iODBCinst/build/Deployment ../../mac/iODBCinst/build ../../mac/iODBC/build/Deployment ../../mac/iODBC/build";
				GCC_ENABLE_TRIGRAPHS = NO;
				GCC_GENERATE_DEBUGGING_SYMBOLS = NO;
				GCC_PRECOMPILE_PREFIX_HEADER = YES;
				HEADER_SEARCH_PATHS = ../../include;
				INSTALL_PATH = /;
				LIBRARY_SEARCH_PATHS = "";
				LIBRARY_STYLE = Bundle;
				OPTIMIZATION_CFLAGS = "-O2";
				OTHER_CFLAGS = "-DODBCVER=0x351 -D_MACX -DDLDAPI_MACX -DMACOSX=103";
				OTHER_LDFLAGS = "-multiply_defined suppress";
				OTHER_REZFLAGS = "";
				PREBINDING = NO;
				PRODUCT_NAME = iODBCadm;
				SECTORDER_FLAGS = "";
				WARNING_CFLAGS = "-Wmost -Wno-four-char-constants -Wno-unknown-pragmas";
				WRAPPER_EXTENSION = bundle;
			};
			dependencies = (
			);
			isa = PBXBundleTarget;
			name = iODBCadm;
			productInstallPath = .;
			productName = iODBCadm;
			productReference = 8D01CCD20486CAD60068D4B7;
			productSettingsXML = "<?xml version=\"1.0\" encoding=\"UTF-8\"?>
<!DOCTYPE plist PUBLIC \"-//Apple Computer//DTD PLIST 1.0//EN\" \"http://www.apple.com/DTDs/PropertyList-1.0.dtd\">
<plist version=\"1.0\">
<dict>
	<key>CFBundleDevelopmentRegion</key>
	<string>English</string>
	<key>CFBundleExecutable</key>
	<string>iODBCadm</string>
	<key>CFBundleGetInfoString</key>
	<string>iODBC Adminstrator Library</string>
	<key>CFBundleIconFile</key>
	<string></string>
	<key>CFBundleIdentifier</key>
	<string>org.iodbc.adm</string>
	<key>CFBundleInfoDictionaryVersion</key>
	<string>6.0</string>
	<key>CFBundleName</key>
	<string>iODBC Administrator</string>
	<key>CFBundlePackageType</key>
	<string>BNDL</string>
	<key>CFBundleShortVersionString</key>
	<string>3.52.10</string>
	<key>CFBundleSignature</key>
	<string>odbc</string>
	<key>CFBundleVersion</key>
	<string>3.52.10</string>
	<key>CFPlugInDynamicRegisterFunction</key>
	<string></string>
	<key>CFPlugInDynamicRegistration</key>
	<string>NO</string>
	<key>CFPlugInFactories</key>
	<dict>
		<key>00000000-0000-0000-0000-000000000000</key>
		<string>MyFactoryFunction</string>
	</dict>
	<key>CFPlugInTypes</key>
	<dict>
		<key>00000000-0000-0000-0000-000000000000</key>
		<array>
			<string>00000000-0000-0000-0000-000000000000</string>
		</array>
	</dict>
	<key>CFPlugInUnloadFunction</key>
	<string></string>
</dict>
</plist>
";
		};
		8D01CCC70486CAD60068D4B7 = {
			buildActionMask = 2147483647;
			files = (
				85983C6F07D2B7260022E958,
				85983C7207D2B7260022E958,
				85983C9507D2B7780022E958,
				85983C9F07D2B8290022E958,
				85983CA007D2B8290022E958,
				85983CA207D2B85F0022E958,
				85983CA707D2B8930022E958,
				85983CA907D2B8930022E958,
				85983CAA07D2B8930022E958,
				85983CAE07D2B8CD0022E958,
				85983CB007D2B8CD0022E958,
				85983CB607D2B9330022E958,
				85983CBA07D2B94F0022E958,
				85983CBC07D2B98B0022E958,
				85983CBE07D2B9B30022E958,
				85983CC207D2B9DE0022E958,
			);
			isa = PBXHeadersBuildPhase;
			runOnlyForDeploymentPostprocessing = 0;
		};
		8D01CCC90486CAD60068D4B7 = {
			buildActionMask = 2147483647;
			files = (
				85983CC707D2BB760022E958,
				85983CDA07D2BCCD0022E958,
				85983CDB07D2BCCD0022E958,
				85983CDC07D2BCCD0022E958,
				85983CDD07D2BCCD0022E958,
				85983CDE07D2BCCD0022E958,
				85983CDF07D2BCCD0022E958,
				85983CE007D2BCCD0022E958,
				85983CE107D2BCCD0022E958,
				85A142A009A222FF00A8D155,
			);
			isa = PBXResourcesBuildPhase;
			runOnlyForDeploymentPostprocessing = 0;
		};
		8D01CCCB0486CAD60068D4B7 = {
			buildActionMask = 2147483647;
			files = (
				85983C5B07D2B7000022E958,
				85983C5C07D2B7000022E958,
				85983C7007D2B7260022E958,
				85983C7107D2B7260022E958,
				85983C8E07D2B7780022E958,
				85983C8F07D2B7780022E958,
				85983C9007D2B7780022E958,
				85983C9107D2B7780022E958,
				85983C9207D2B7780022E958,
				85983C9307D2B7780022E958,
				85983C9407D2B7780022E958,
				85983C9707D2B7780022E958,
				85983C9807D2B7780022E958,
				85983C9907D2B7780022E958,
				85983CB207D2B8F10022E958,
				85983CB407D2B90F0022E958,
				85983CB907D2B94F0022E958,
				85983CC107D2B9DE0022E958,
				85A1429C09A222D400A8D155,
				85A1429D09A222D400A8D155,
			);
			isa = PBXSourcesBuildPhase;
			runOnlyForDeploymentPostprocessing = 0;
		};
		8D01CCCD0486CAD60068D4B7 = {
			buildActionMask = 2147483647;
			files = (
				8D01CCCE0486CAD60068D4B7,
				85983D8607D2C1870022E958,
				85983D8807D2C1A50022E958,
				85983E0F07D2C2080022E958,
			);
			isa = PBXFrameworksBuildPhase;
			runOnlyForDeploymentPostprocessing = 0;
		};
		8D01CCCE0486CAD60068D4B7 = {
			fileRef = 08EA7FFBFE8413EDC02AAC07;
			isa = PBXBuildFile;
			settings = {
			};
		};
		8D01CCCF0486CAD60068D4B7 = {
			buildActionMask = 2147483647;
			files = (
				85983C9607D2B7780022E958,
			);
			isa = PBXRezBuildPhase;
			runOnlyForDeploymentPostprocessing = 0;
		};
		8D01CCD20486CAD60068D4B7 = {
			explicitFileType = wrapper.cfbundle;
			includeInIndex = 0;
			isa = PBXFileReference;
			path = iODBCadm.bundle;
			refType = 3;
			sourceTree = BUILT_PRODUCTS_DIR;
		};
	};
	rootObject = 089C1669FE841209C02AAC07;
}
