// !$*UTF8*$!
{
	archiveVersion = 1;
	classes = {
	};
	objectVersion = 42;
	objects = {

/* Begin PBXBuildFile section */
		8501705B1CCD0653008AC148 /* ExecController.m in Sources */ = {isa = PBXBuildFile; fileRef = 8501704E1CCD0653008AC148 /* ExecController.m */; };
		8501705C1CCD0653008AC148 /* Helpers.m in Sources */ = {isa = PBXBuildFile; fileRef = 850170501CCD0653008AC148 /* Helpers.m */; };
		8501705D1CCD0653008AC148 /* LinkTextFieldCell.m in Sources */ = {isa = PBXBuildFile; fileRef = 850170531CCD0653008AC148 /* LinkTextFieldCell.m */; };
		8501705E1CCD0653008AC148 /* main.m in Sources */ = {isa = PBXBuildFile; fileRef = 850170541CCD0653008AC148 /* main.m */; };
		8501705F1CCD0653008AC148 /* NSAttributedStringAdditions.m in Sources */ = {isa = PBXBuildFile; fileRef = 850170561CCD0653008AC148 /* NSAttributedStringAdditions.m */; };
		850170601CCD0653008AC148 /* NSResWindow.m in Sources */ = {isa = PBXBuildFile; fileRef = 850170581CCD0653008AC148 /* NSResWindow.m */; };
		850170611CCD0653008AC148 /* TestController.m in Sources */ = {isa = PBXBuildFile; fileRef = 8501705A1CCD0653008AC148 /* TestController.m */; };
		8594AF211CCE4CF900EE7ABC /* InfoAnsi.plist in Resources */ = {isa = PBXBuildFile; fileRef = 8518E2151CCD025900967942 /* InfoAnsi.plist */; };
		8594AF2A1CCE4D2500EE7ABC /* Credits.rtf in Resources */ = {isa = PBXBuildFile; fileRef = 8594AF221CCE4D2500EE7ABC /* Credits.rtf */; };
		8594AF2B1CCE4D2500EE7ABC /* ExecSQL.xib in Resources */ = {isa = PBXBuildFile; fileRef = 8594AF241CCE4D2500EE7ABC /* ExecSQL.xib */; };
		8594AF2C1CCE4D2500EE7ABC /* iODBCdemo.icns in Resources */ = {isa = PBXBuildFile; fileRef = 8594AF261CCE4D2500EE7ABC /* iODBCdemo.icns */; };
		8594AF2D1CCE4D2500EE7ABC /* MainMenu.xib in Resources */ = {isa = PBXBuildFile; fileRef = 8594AF281CCE4D2500EE7ABC /* MainMenu.xib */; };
		CD7C37AA0A063F40001A43B7 /* InfoPlist.strings in Resources */ = {isa = PBXBuildFile; fileRef = 089C165CFE840E0CC02AAC07 /* InfoPlist.strings */; };
		CD7C37B10A063F40001A43B7 /* Cocoa.framework in Frameworks */ = {isa = PBXBuildFile; fileRef = 1058C7A1FEA54F0111CA2CBB /* Cocoa.framework */; };
		CD7C37B20A063F40001A43B7 /* iODBC.framework in Frameworks */ = {isa = PBXBuildFile; fileRef = 85F0784509F88DFC0007FC8F /* iODBC.framework */; };
		CD7C37B30A063F40001A43B7 /* iODBCinst.framework in Frameworks */ = {isa = PBXBuildFile; fileRef = CD7C36440A0109AA001A43B7 /* iODBCinst.framework */; };
/* End PBXBuildFile section */

/* Begin PBXFileReference section */
		089C165DFE840E0CC02AAC07 /* English */ = {isa = PBXFileReference; fileEncoding = 10; lastKnownFileType = text.plist.strings; name = English; path = English.lproj/InfoPlist.strings; sourceTree = "<group>"; };
		1058C7A1FEA54F0111CA2CBB /* Cocoa.framework */ = {isa = PBXFileReference; lastKnownFileType = wrapper.framework; name = Cocoa.framework; path = /System/Library/Frameworks/Cocoa.framework; sourceTree = "<absolute>"; };
		8501704D1CCD0653008AC148 /* ExecController.h */ = {isa = PBXFileReference; fileEncoding = 4; lastKnownFileType = sourcecode.c.h; name = ExecController.h; path = ../ExecController.h; sourceTree = "<group>"; };
		8501704E1CCD0653008AC148 /* ExecController.m */ = {isa = PBXFileReference; fileEncoding = 4; lastKnownFileType = sourcecode.c.objc; name = ExecController.m; path = ../ExecController.m; sourceTree = "<group>"; };
		8501704F1CCD0653008AC148 /* Helpers.h */ = {isa = PBXFileReference; fileEncoding = 4; lastKnownFileType = sourcecode.c.h; name = Helpers.h; path = ../Helpers.h; sourceTree = "<group>"; };
		850170501CCD0653008AC148 /* Helpers.m */ = {isa = PBXFileReference; fileEncoding = 4; lastKnownFileType = sourcecode.c.objc; name = Helpers.m; path = ../Helpers.m; sourceTree = "<group>"; };
		850170511CCD0653008AC148 /* iodbcdemo_Prefix.pch */ = {isa = PBXFileReference; fileEncoding = 4; lastKnownFileType = sourcecode.c.h; name = iodbcdemo_Prefix.pch; path = ../iodbcdemo_Prefix.pch; sourceTree = "<group>"; };
		850170521CCD0653008AC148 /* LinkTextFieldCell.h */ = {isa = PBXFileReference; fileEncoding = 4; lastKnownFileType = sourcecode.c.h; name = LinkTextFieldCell.h; path = ../LinkTextFieldCell.h; sourceTree = "<group>"; };
		850170531CCD0653008AC148 /* LinkTextFieldCell.m */ = {isa = PBXFileReference; fileEncoding = 4; lastKnownFileType = sourcecode.c.objc; name = LinkTextFieldCell.m; path = ../LinkTextFieldCell.m; sourceTree = "<group>"; };
		850170541CCD0653008AC148 /* main.m */ = {isa = PBXFileReference; fileEncoding = 4; lastKnownFileType = sourcecode.c.objc; name = main.m; path = ../main.m; sourceTree = "<group>"; };
		850170551CCD0653008AC148 /* NSAttributedStringAdditions.h */ = {isa = PBXFileReference; fileEncoding = 4; lastKnownFileType = sourcecode.c.h; name = NSAttributedStringAdditions.h; path = ../NSAttributedStringAdditions.h; sourceTree = "<group>"; };
		850170561CCD0653008AC148 /* NSAttributedStringAdditions.m */ = {isa = PBXFileReference; fileEncoding = 4; lastKnownFileType = sourcecode.c.objc; name = NSAttributedStringAdditions.m; path = ../NSAttributedStringAdditions.m; sourceTree = "<group>"; };
		850170571CCD0653008AC148 /* NSResWindow.h */ = {isa = PBXFileReference; fileEncoding = 4; lastKnownFileType = sourcecode.c.h; name = NSResWindow.h; path = ../NSResWindow.h; sourceTree = "<group>"; };
		850170581CCD0653008AC148 /* NSResWindow.m */ = {isa = PBXFileReference; fileEncoding = 4; lastKnownFileType = sourcecode.c.objc; name = NSResWindow.m; path = ../NSResWindow.m; sourceTree = "<group>"; };
		850170591CCD0653008AC148 /* TestController.h */ = {isa = PBXFileReference; fileEncoding = 4; lastKnownFileType = sourcecode.c.h; name = TestController.h; path = ../TestController.h; sourceTree = "<group>"; };
		8501705A1CCD0653008AC148 /* TestController.m */ = {isa = PBXFileReference; fileEncoding = 4; lastKnownFileType = sourcecode.c.objc; name = TestController.m; path = ../TestController.m; sourceTree = "<group>"; };
		8518E2151CCD025900967942 /* InfoAnsi.plist */ = {isa = PBXFileReference; fileEncoding = 4; lastKnownFileType = text.plist.xml; path = InfoAnsi.plist; sourceTree = "<group>"; };
		8594AF231CCE4D2500EE7ABC /* English */ = {isa = PBXFileReference; lastKnownFileType = text.rtf; name = English; path = ../English.lproj/Credits.rtf; sourceTree = "<group>"; };
		8594AF251CCE4D2500EE7ABC /* English */ = {isa = PBXFileReference; lastKnownFileType = file.xib; name = English; path = ../English.lproj/ExecSQL.xib; sourceTree = "<group>"; };
		8594AF271CCE4D2500EE7ABC /* English */ = {isa = PBXFileReference; lastKnownFileType = image.icns; name = English; path = ../English.lproj/iODBCdemo.icns; sourceTree = "<group>"; };
		8594AF291CCE4D2500EE7ABC /* English */ = {isa = PBXFileReference; lastKnownFileType = file.xib; name = English; path = ../English.lproj/MainMenu.xib; sourceTree = "<group>"; };
		85F0784509F88DFC0007FC8F /* iODBC.framework */ = {isa = PBXFileReference; lastKnownFileType = wrapper.framework; name = iODBC.framework; path = /Library/Frameworks/iODBC.framework; sourceTree = "<absolute>"; };
		CD7C36440A0109AA001A43B7 /* iODBCinst.framework */ = {isa = PBXFileReference; lastKnownFileType = wrapper.framework; name = iODBCinst.framework; path = /Library/Frameworks/iODBCinst.framework; sourceTree = "<absolute>"; };
		CD7C37B70A063F40001A43B7 /* iODBC Demo Ansi.app */ = {isa = PBXFileReference; explicitFileType = wrapper.application; includeInIndex = 0; path = "iODBC Demo Ansi.app"; sourceTree = BUILT_PRODUCTS_DIR; };
/* End PBXFileReference section */

/* Begin PBXFrameworksBuildPhase section */
		CD7C37B00A063F40001A43B7 /* Frameworks */ = {
			isa = PBXFrameworksBuildPhase;
			buildActionMask = 2147483647;
			files = (
				CD7C37B10A063F40001A43B7 /* Cocoa.framework in Frameworks */,
				CD7C37B20A063F40001A43B7 /* iODBC.framework in Frameworks */,
				CD7C37B30A063F40001A43B7 /* iODBCinst.framework in Frameworks */,
			);
			runOnlyForDeploymentPostprocessing = 0;
		};
/* End PBXFrameworksBuildPhase section */

/* Begin PBXGroup section */
		1058C7A0FEA54F0111CA2CBB /* Linked Frameworks */ = {
			isa = PBXGroup;
			children = (
				CD7C36440A0109AA001A43B7 /* iODBCinst.framework */,
				85F0784509F88DFC0007FC8F /* iODBC.framework */,
				1058C7A1FEA54F0111CA2CBB /* Cocoa.framework */,
			);
			name = "Linked Frameworks";
			sourceTree = "<group>";
		};
		19C28FACFE9D520D11CA2CBB /* Products */ = {
			isa = PBXGroup;
			children = (
				CD7C37B70A063F40001A43B7 /* iODBC Demo Ansi.app */,
			);
			name = Products;
			sourceTree = "<group>";
		};
		29B97314FDCFA39411CA2CEA /* iODBC Demo Unicode */ = {
			isa = PBXGroup;
			children = (
				29B97315FDCFA39411CA2CEA /* Other Sources */,
				29B97317FDCFA39411CA2CEA /* Resources */,
				29B97323FDCFA39411CA2CEA /* Frameworks */,
				19C28FACFE9D520D11CA2CBB /* Products */,
			);
			name = "iODBC Demo Unicode";
			sourceTree = "<group>";
		};
		29B97315FDCFA39411CA2CEA /* Other Sources */ = {
			isa = PBXGroup;
			children = (
				8501704D1CCD0653008AC148 /* ExecController.h */,
				8501704E1CCD0653008AC148 /* ExecController.m */,
				8501704F1CCD0653008AC148 /* Helpers.h */,
				850170501CCD0653008AC148 /* Helpers.m */,
				850170511CCD0653008AC148 /* iodbcdemo_Prefix.pch */,
				850170521CCD0653008AC148 /* LinkTextFieldCell.h */,
				850170531CCD0653008AC148 /* LinkTextFieldCell.m */,
				850170541CCD0653008AC148 /* main.m */,
				850170551CCD0653008AC148 /* NSAttributedStringAdditions.h */,
				850170561CCD0653008AC148 /* NSAttributedStringAdditions.m */,
				850170571CCD0653008AC148 /* NSResWindow.h */,
				850170581CCD0653008AC148 /* NSResWindow.m */,
				850170591CCD0653008AC148 /* TestController.h */,
				8501705A1CCD0653008AC148 /* TestController.m */,
			);
			name = "Other Sources";
			sourceTree = "<group>";
		};
		29B97317FDCFA39411CA2CEA /* Resources */ = {
			isa = PBXGroup;
			children = (
				8594AF221CCE4D2500EE7ABC /* Credits.rtf */,
				8594AF241CCE4D2500EE7ABC /* ExecSQL.xib */,
				8594AF261CCE4D2500EE7ABC /* iODBCdemo.icns */,
				8594AF281CCE4D2500EE7ABC /* MainMenu.xib */,
				8518E2151CCD025900967942 /* InfoAnsi.plist */,
				089C165CFE840E0CC02AAC07 /* InfoPlist.strings */,
			);
			name = Resources;
			sourceTree = "<group>";
		};
		29B97323FDCFA39411CA2CEA /* Frameworks */ = {
			isa = PBXGroup;
			children = (
				1058C7A0FEA54F0111CA2CBB /* Linked Frameworks */,
			);
			name = Frameworks;
			sourceTree = "<group>";
		};
/* End PBXGroup section */

/* Begin PBXNativeTarget section */
		CD7C37A70A063F40001A43B7 /* iODBC Demo Ansi */ = {
			isa = PBXNativeTarget;
			buildConfigurationList = CD7C37B40A063F40001A43B7 /* Build configuration list for PBXNativeTarget "iODBC Demo Ansi" */;
			buildPhases = (
				CD7C37A80A063F40001A43B7 /* Resources */,
				CD7C37AC0A063F40001A43B7 /* Sources */,
				CD7C37B00A063F40001A43B7 /* Frameworks */,
			);
			buildRules = (
			);
			dependencies = (
			);
			name = "iODBC Demo Ansi";
			productInstallPath = /Applications/iODBC;
			productName = "iODBC Demo Ansi";
			productReference = CD7C37B70A063F40001A43B7 /* iODBC Demo Ansi.app */;
			productType = "com.apple.product-type.application";
		};
/* End PBXNativeTarget section */

/* Begin PBXProject section */
		29B97313FDCFA39411CA2CEA /* Project object */ = {
			isa = PBXProject;
			attributes = {
			};
			buildConfigurationList = C01FCF4E08A954540054247B /* Build configuration list for PBXProject "DemoAnsi" */;
			compatibilityVersion = "Xcode 2.4";
			developmentRegion = English;
			hasScannedForEncodings = 1;
			knownRegions = (
				en,
				English,
			);
			mainGroup = 29B97314FDCFA39411CA2CEA /* iODBC Demo Unicode */;
			projectDirPath = "";
			projectRoot = "";
			targets = (
				CD7C37A70A063F40001A43B7 /* iODBC Demo Ansi */,
			);
		};
/* End PBXProject section */

/* Begin PBXResourcesBuildPhase section */
		CD7C37A80A063F40001A43B7 /* Resources */ = {
			isa = PBXResourcesBuildPhase;
			buildActionMask = 2147483647;
			files = (
				8594AF2C1CCE4D2500EE7ABC /* iODBCdemo.icns in Resources */,
				8594AF211CCE4CF900EE7ABC /* InfoAnsi.plist in Resources */,
				8594AF2B1CCE4D2500EE7ABC /* ExecSQL.xib in Resources */,
				8594AF2A1CCE4D2500EE7ABC /* Credits.rtf in Resources */,
				CD7C37AA0A063F40001A43B7 /* InfoPlist.strings in Resources */,
				8594AF2D1CCE4D2500EE7ABC /* MainMenu.xib in Resources */,
			);
			runOnlyForDeploymentPostprocessing = 0;
		};
/* End PBXResourcesBuildPhase section */

/* Begin PBXSourcesBuildPhase section */
		CD7C37AC0A063F40001A43B7 /* Sources */ = {
			isa = PBXSourcesBuildPhase;
			buildActionMask = 2147483647;
			files = (
				8501705B1CCD0653008AC148 /* ExecController.m in Sources */,
				850170611CCD0653008AC148 /* TestController.m in Sources */,
				850170601CCD0653008AC148 /* NSResWindow.m in Sources */,
				8501705C1CCD0653008AC148 /* Helpers.m in Sources */,
				8501705E1CCD0653008AC148 /* main.m in Sources */,
				8501705D1CCD0653008AC148 /* LinkTextFieldCell.m in Sources */,
				8501705F1CCD0653008AC148 /* NSAttributedStringAdditions.m in Sources */,
			);
			runOnlyForDeploymentPostprocessing = 0;
		};
/* End PBXSourcesBuildPhase section */

/* Begin PBXVariantGroup section */
		089C165CFE840E0CC02AAC07 /* InfoPlist.strings */ = {
			isa = PBXVariantGroup;
			children = (
				089C165DFE840E0CC02AAC07 /* English */,
			);
			name = InfoPlist.strings;
			sourceTree = "<group>";
		};
		8594AF221CCE4D2500EE7ABC /* Credits.rtf */ = {
			isa = PBXVariantGroup;
			children = (
				8594AF231CCE4D2500EE7ABC /* English */,
			);
			name = Credits.rtf;
			sourceTree = "<group>";
		};
		8594AF241CCE4D2500EE7ABC /* ExecSQL.xib */ = {
			isa = PBXVariantGroup;
			children = (
				8594AF251CCE4D2500EE7ABC /* English */,
			);
			name = ExecSQL.xib;
			sourceTree = "<group>";
		};
		8594AF261CCE4D2500EE7ABC /* iODBCdemo.icns */ = {
			isa = PBXVariantGroup;
			children = (
				8594AF271CCE4D2500EE7ABC /* English */,
			);
			name = iODBCdemo.icns;
			sourceTree = "<group>";
		};
		8594AF281CCE4D2500EE7ABC /* MainMenu.xib */ = {
			isa = PBXVariantGroup;
			children = (
				8594AF291CCE4D2500EE7ABC /* English */,
			);
			name = MainMenu.xib;
			sourceTree = "<group>";
		};
/* End PBXVariantGroup section */

/* Begin XCBuildConfiguration section */
		C01FCF4F08A954540054247B /* Development */ = {
			isa = XCBuildConfiguration;
			buildSettings = {
				ARCHS = (
					ppc,
					i386,
					x86_64,
				);
				FRAMEWORK_SEARCH_PATHS = (
					../../mac/iODBC/build/Deployment,
					../../mac/iODBC/build,
					../../mac/iODBCinst/build/Deployment,
					../../mac/iODBCinst/build,
				);
				GCC_WARN_ABOUT_RETURN_TYPE = YES;
				GCC_WARN_UNUSED_VARIABLE = YES;
				HEADER_SEARCH_PATHS = ../../include;
				MACOSX_DEPLOYMENT_TARGET = $IODBC_TARGET;
				PREBINDING = NO;
				SDKROOT = $IODBC_SDK;
			};
			name = Development;
		};
		C01FCF5008A954540054247B /* Deployment */ = {
			isa = XCBuildConfiguration;
			buildSettings = {
				ARCHS = (
					ppc,
					i386,
					x86_64,
				);
				FRAMEWORK_SEARCH_PATHS = (
					../../../mac/iODBC/build/Deployment,
					../../../mac/iODBC/build,
					../../../mac/iODBCinst/build/Deployment,
					../../../mac/iODBCinst/build,
				);
				GCC_WARN_ABOUT_RETURN_TYPE = YES;
				GCC_WARN_UNUSED_VARIABLE = YES;
				HEADER_SEARCH_PATHS = ../../include;
				MACOSX_DEPLOYMENT_TARGET = $IODBC_TARGET;
				PREBINDING = NO;
				SDKROOT = $IODBC_SDK;
			};
			name = Deployment;
		};
		CD7C37B50A063F40001A43B7 /* Development */ = {
			isa = XCBuildConfiguration;
			buildSettings = {
				ARCHS = (
					ppc,
					i386,
					x86_64,
				);
				COPY_PHASE_STRIP = NO;
				FRAMEWORK_SEARCH_PATHS = (
					../../../mac/iODBC/build/Deployment,
					../../../mac/iODBC/build,
					../../../mac/iODBCinst/build/Deployment,
					../../../mac/iODBCinst/build,
				);
				GCC_DYNAMIC_NO_PIC = NO;
				GCC_ENABLE_FIX_AND_CONTINUE = YES;
				GCC_MODEL_TUNING = G5;
				GCC_OPTIMIZATION_LEVEL = 0;
				HEADER_SEARCH_PATHS = ../../include;
				INFOPLIST_FILE = InfoAnsi.plist;
				INSTALL_PATH = /Applications/iODBC;
				PRODUCT_NAME = "iODBC Demo Ansi";
				WRAPPER_EXTENSION = app;
				ZERO_LINK = YES;
			};
			name = Development;
		};
		CD7C37B60A063F40001A43B7 /* Deployment */ = {
			isa = XCBuildConfiguration;
			buildSettings = {
				ARCHS = (
					ppc,
					i386,
					x86_64,
				);
				FRAMEWORK_SEARCH_PATHS = (
					../../../mac/iODBC/build/Deployment,
					../../../mac/iODBC/build,
					../../../mac/iODBCinst/build/Deployment,
					../../../mac/iODBCinst/build,
				);
				GCC_GENERATE_DEBUGGING_SYMBOLS = NO;
				GCC_MODEL_TUNING = G5;
				HEADER_SEARCH_PATHS = ../../include;
				INFOPLIST_FILE = InfoAnsi.plist;
				INSTALL_PATH = /Applications/iODBC;
				PRODUCT_NAME = "iODBC Demo Ansi";
				WRAPPER_EXTENSION = app;
			};
			name = Deployment;
		};
/* End XCBuildConfiguration section */

/* Begin XCConfigurationList section */
		C01FCF4E08A954540054247B /* Build configuration list for PBXProject "DemoAnsi" */ = {
			isa = XCConfigurationList;
			buildConfigurations = (
				C01FCF4F08A954540054247B /* Development */,
				C01FCF5008A954540054247B /* Deployment */,
			);
			defaultConfigurationIsVisible = 0;
			defaultConfigurationName = Deployment;
		};
		CD7C37B40A063F40001A43B7 /* Build configuration list for PBXNativeTarget "iODBC Demo Ansi" */ = {
			isa = XCConfigurationList;
			buildConfigurations = (
				CD7C37B50A063F40001A43B7 /* Development */,
				CD7C37B60A063F40001A43B7 /* Deployment */,
			);
			defaultConfigurationIsVisible = 0;
			defaultConfigurationName = Deployment;
		};
/* End XCConfigurationList section */
	};
	rootObject = 29B97313FDCFA39411CA2CEA /* Project object */;
}
